
Microsoft Visual Studio Solution File, Format Version 12.00
# Visual Studio 15
VisualStudioVersion = 15.0.28010.0
MinimumVisualStudioVersion = 10.0.40219.1
Project("{FAE04EC0-301F-11D3-BF4B-00C04F79EFBC}") = "BattleSim", "BattleSim\BattleSim.csproj", "{D3B0453C-4CEF-46AD-A7B9-0DC5D33C3106}"
EndProject
Global
	GlobalSection(SolutionConfigurationPlatforms) = preSolution
		Debug|Any CPU = Debug|Any CPU
		Release|Any CPU = Release|Any CPU
	EndGlobalSection
	GlobalSection(ProjectConfigurationPlatforms) = postSolution
		{D3B0453C-4CEF-46AD-A7B9-0DC5D33C3106}.Debug|Any CPU.ActiveCfg = Debug|Any CPU
		{D3B0453C-4CEF-46AD-A7B9-0DC5D33C3106}.Debug|Any CPU.Build.0 = Debug|Any CPU
		{D3B0453C-4CEF-46AD-A7B9-0DC5D33C3106}.Release|Any CPU.ActiveCfg = Debug|Any CPU
		{D3B0453C-4CEF-46AD-A7B9-0DC5D33C3106}.Release|Any CPU.Build.0 = Debug|Any CPU
	EndGlobalSection
	GlobalSection(SolutionProperties) = preSolution
		HideSolutionNode = FALSE
	EndGlobalSection
	GlobalSection(ExtensibilityGlobals) = postSolution
		SolutionGuid = {6C257E4B-7C3A-4CA6-9135-2C8F605C0228}
	EndGlobalSection
EndGlobal
